
Microsoft Visual Studio Solution File, Format Version 12.00
# Visual Studio Version 16
VisualStudioVersion = 16.0.28803.452
MinimumVisualStudioVersion = 10.0.40219.1
Project("{FAE04EC0-301F-11D3-BF4B-00C04F79EFBC}") = "We Need", "We Need\We Need.csproj", "{D30EB618-D230-444D-B607-8DBE37F90532}"
EndProject
Global
	GlobalSection(SolutionConfigurationPlatforms) = preSolution
		Debug|Any CPU = Debug|Any CPU
		Release|Any CPU = Release|Any CPU
	EndGlobalSection
	GlobalSection(ProjectConfigurationPlatforms) = postSolution
		{D30EB618-D230-444D-B607-8DBE37F90532}.Debug|Any CPU.ActiveCfg = Debug|Any CPU
		{D30EB618-D230-444D-B607-8DBE37F90532}.Debug|Any CPU.Build.0 = Debug|Any CPU
		{D30EB618-D230-444D-B607-8DBE37F90532}.Release|Any CPU.ActiveCfg = Release|Any CPU
		{D30EB618-D230-444D-B607-8DBE37F90532}.Release|Any CPU.Build.0 = Release|Any CPU
	EndGlobalSection
	GlobalSection(SolutionProperties) = preSolution
		HideSolutionNode = FALSE
	EndGlobalSection
	GlobalSection(ExtensibilityGlobals) = postSolution
		SolutionGuid = {EB796293-563B-40FD-832C-E883C46A7EF1}
	EndGlobalSection
EndGlobal
